<Solution>
  <Project Path="Assembly-CSharp-Editor.csproj" />
  <Project Path="Alif.Runtime.csproj" />
  <Project Path="Alif.Adventure.Tests.csproj" />
  <Project Path="Alif.Battle.Model.csproj" />
  <Project Path="Alif.Battle.Tests.csproj" />
  <Project Path="Alif.Adventure.Model.csproj" />
  <Project Path="Alif.PlayMode.Tests.csproj" />
</Solution>
